
Microsoft Visual Studio Solution File, Format Version 12.00
# Visual Studio Version 16
VisualStudioVersion = 16.0.29509.3
MinimumVisualStudioVersion = 10.0.40219.1
Project("{FAE04EC0-301F-11D3-BF4B-00C04F79EFBC}") = "lab_6_poshuk_v_glibinu_i_v_sirinu", "lab_6_poshuk_v_glibinu_i_v_sirinu.csproj", "{BEA97517-5872-4063-9DFF-3853D5DFC464}"
EndProject
Global
	GlobalSection(SolutionConfigurationPlatforms) = preSolution
		Debug|Any CPU = Debug|Any CPU
		Release|Any CPU = Release|Any CPU
	EndGlobalSection
	GlobalSection(ProjectConfigurationPlatforms) = postSolution
		{BEA97517-5872-4063-9DFF-3853D5DFC464}.Debug|Any CPU.ActiveCfg = Debug|Any CPU
		{BEA97517-5872-4063-9DFF-3853D5DFC464}.Debug|Any CPU.Build.0 = Debug|Any CPU
		{BEA97517-5872-4063-9DFF-3853D5DFC464}.Release|Any CPU.ActiveCfg = Release|Any CPU
		{BEA97517-5872-4063-9DFF-3853D5DFC464}.Release|Any CPU.Build.0 = Release|Any CPU
	EndGlobalSection
	GlobalSection(SolutionProperties) = preSolution
		HideSolutionNode = FALSE
	EndGlobalSection
	GlobalSection(ExtensibilityGlobals) = postSolution
		SolutionGuid = {92FD44DB-BE2A-4D06-A4D7-A6CD42B014BC}
	EndGlobalSection
EndGlobal
